{
  "version": 4,
  "terraform_version": "1.5.7",
  "serial": 3,
  "lineage": "10ed4935-cb53-8044-ea95-bc35f55ac095",
  "outputs": {},
  "resources": [
    {
      "module": "module.gke",
      "mode": "managed",
      "type": "google_container_cluster",
      "name": "gke_cluster",
      "provider": "provider[\"registry.terraform.io/hashicorp/google\"]",
      "instances": [
        {
          "schema_version": 2,
          "attributes": {
            "addons_config": [
              {
                "cloudrun_config": [],
                "config_connector_config": [],
                "dns_cache_config": [],
                "gce_persistent_disk_csi_driver_config": [
                  {
                    "enabled": true
                  }
                ],
                "gcp_filestore_csi_driver_config": [],
                "gcs_fuse_csi_driver_config": [],
                "gke_backup_agent_config": [],
                "horizontal_pod_autoscaling": [],
                "http_load_balancing": [],
                "network_policy_config": [
                  {
                    "disabled": true
                  }
                ],
                "ray_operator_config": [],
                "stateful_ha_config": []
              }
            ],
            "allow_net_admin": null,
            "authenticator_groups_config": [],
            "binary_authorization": [
              {
                "enabled": false,
                "evaluation_mode": ""
              }
            ],
            "cluster_autoscaling": [
              {
                "auto_provisioning_defaults": [],
                "auto_provisioning_locations": [],
                "autoscaling_profile": "BALANCED",
                "enabled": false,
                "resource_limits": []
              }
            ],
            "cluster_ipv4_cidr": "10.100.0.0/14",
            "confidential_nodes": [],
            "cost_management_config": [],
            "database_encryption": [
              {
                "key_name": "",
                "state": "DECRYPTED"
              }
            ],
            "datapath_provider": "",
            "default_max_pods_per_node": 110,
            "default_snat_status": [
              {
                "disabled": false
              }
            ],
            "deletion_protection": true,
            "description": "",
            "dns_config": [],
            "enable_autopilot": false,
            "enable_cilium_clusterwide_network_policy": false,
            "enable_intranode_visibility": false,
            "enable_k8s_beta_apis": [],
            "enable_kubernetes_alpha": false,
            "enable_l4_ilb_subsetting": false,
            "enable_legacy_abac": false,
            "enable_multi_networking": false,
            "enable_shielded_nodes": true,
            "enable_tpu": false,
            "endpoint": "35.225.166.251",
            "fleet": [],
            "gateway_api_config": [],
            "id": "projects/gke-lab-project-475222/locations/us-central1/clusters/dev-gke-cluster",
            "identity_service_config": [],
            "initial_node_count": 1,
            "ip_allocation_policy": [
              {
                "additional_pod_ranges_config": [],
                "cluster_ipv4_cidr_block": "10.100.0.0/14",
                "cluster_secondary_range_name": "gke-dev-gke-cluster-pods-ee6d1827",
                "pod_cidr_overprovision_config": [
                  {
                    "disabled": false
                  }
                ],
                "services_ipv4_cidr_block": "34.118.224.0/20",
                "services_secondary_range_name": "",
                "stack_type": "IPV4"
              }
            ],
            "label_fingerprint": "a9dc16a7",
            "location": "us-central1",
            "logging_config": [
              {
                "enable_components": [
                  "SYSTEM_COMPONENTS",
                  "WORKLOADS"
                ]
              }
            ],
            "logging_service": "logging.googleapis.com/kubernetes",
            "maintenance_policy": [],
            "master_auth": [
              {
                "client_certificate": "",
                "client_certificate_config": [
                  {
                    "issue_client_certificate": false
                  }
                ],
                "client_key": "",
                "cluster_ca_certificate": "LS0tLS1CRUdJTiBDRVJUSUZJQ0FURS0tLS0tCk1JSUVMRENDQXBTZ0F3SUJBZ0lRYXdxcU03LzM1a3p4YjF6LzVNdTFmekFOQmdrcWhraUc5dzBCQVFzRkFEQXYKTVMwd0t3WURWUVFERXlSallXTm1NVGcyWmkwME1qUTNMVFEzTlRJdE9HVmtZeTB3WTJFNE5UWXlabVppTTJZdwpJQmNOTWpVeE1ESXpNakF5TURRM1doZ1BNakExTlRFd01UWXlNVEl3TkRkYU1DOHhMVEFyQmdOVkJBTVRKR05oClkyWXhPRFptTFRReU5EY3RORGMxTWkwNFpXUmpMVEJqWVRnMU5qSm1abUl6WmpDQ0FhSXdEUVlKS29aSWh2Y04KQVFFQkJRQURnZ0dQQURDQ0FZb0NnZ0dCQUtrTGVnZDhqMVZlLzNKNzBvNWFTeHhNK3BIaElZdUdOYzhXekJ1bwo3NTZRc1I5eVpVWEcyaVdPdEpKNDd2OXVNVW1RT1czTFFUcFBQZDNzeTZTZWtzajN5UXUvVGtxWFp1RGg4VVRDCi9qUm4xOGNHbXEwRVNKRVNXZ2xNTksrOElXdnpoMm95dkpvbWpFckFnUWx4U2pqL0p5OCtZSjNzbHZjK2d2SWUKK2dxanZTcUJ2VENQMnluV1JkaU5VcHlYVnZtR2VFTjJjcThlVnRYQ0JQaEFXemhKY0hrTmxzOEdOSDQvMk04SwpXOUpXVWVQNjdGQ1dxTkp0V2FkeVZ4UUdWdkhkL0dMK1FzM2FPYzlLNWYyNUI0MWZzOVpnajB4bnhoRVVzclN6CmNKblNWMVIyUXlkWlRkQVpBcitJZWREdmVJVmtpV0dCUjNaR1I1ei9aVW8yM0doc1FtczdXYVJNMG1KQXRjOHYKL29xRVIwSEtUSUJBZFZ1T1RJRmc1RFI4QnlncXNYaXk3TW9vOXFpRE1VMzJ1WXcrTkxHTGlKbXY1dUFOS1lZRgphQWZQdTcwSGVBbTA5ZnpPSkR4T2pxQlRRSURuWEJTZktwL3E3WCtIR0VGclBSalY1YndaN3BYTzdnTDVycERXCnlDY1hpcmlLUnAyZ2pTaVA1cmdpaFd1SWp3SURBUUFCbzBJd1FEQU9CZ05WSFE4QkFmOEVCQU1DQWdRd0R3WUQKVlIwVEFRSC9CQVV3QXdFQi96QWRCZ05WSFE0RUZnUVV5Tzk4ekhMWktuMnhTdm51ZCt4MjBRSlZtSDR3RFFZSgpLb1pJaHZjTkFRRUxCUUFEZ2dHQkFGTG94QThxS1ZhdUlJVHU3d2FBdmluaEZwcWJCWnZOaGc4enp0amZma2xkCjlxQ0RVRnJJYytOMTEvMFd1dGZ4bzU4S2czWnVWVXM5d1JYOVM4a3Y3cDR1Z0RYRVZyL2Z4NjdZNVdYd0REdnIKazNJdkV2OUF3emNFWDZKM3VlK2NnVDV5UmtublAwTXpZVkFwV2xzdXFqQUFVQkcyTTRLMEpJN1BHcWF4alRrRgo3ZFlhclRoczF2WVdyNml6Z1BudWh0cE9DOWh2UWRvbStuWkVmbUFWQmpUalBKWW9SVnlDdTJXOWVBczBtWG5sClB2dUYvMkhQRE9rZjR1L29DYVlUOTVFZzAvVHpBRmh2RnJZR0FYZktXcnhoZHIrSENhQjMxSVp0WjQzcWw0aGEKbDNWUHFmZlVnbnhSU0lvVkZ0cmFLdUVNQ2lqUXNzUU8rRktaYkdRa3c0YURHb01WM0RyeXU0aVNaaEtsUDBucwpyMWlTd01mOXdLa0xYM1A3ZTEvQlZrRFlsTDNaWm5pQ0RLcDNYRElxQlA1Rm9GdWlhTEpWN2R5NHhJRGFkU2NhCmRlZ2ZJQnRyNFlscGpiRThzbEF6SmVMNi9MNDA0K2xNdmJ6Z2NvUEJBeVdnNzhzWE02eUdYY0hoQnBpVzdWWkYKMU9tS1VLcDJZTVdyZ0F6NStBMURiQT09Ci0tLS0tRU5EIENFUlRJRklDQVRFLS0tLS0K"
              }
            ],
            "master_authorized_networks_config": [],
            "master_version": "1.33.5-gke.1080000",
            "mesh_certificates": [],
            "min_master_version": null,
            "monitoring_config": [
              {
                "advanced_datapath_observability_config": [
                  {
                    "enable_metrics": false,
                    "enable_relay": false,
                    "relay_mode": "DISABLED"
                  }
                ],
                "enable_components": [
                  "SYSTEM_COMPONENTS",
                  "POD",
                  "DAEMONSET",
                  "DEPLOYMENT",
                  "STATEFULSET",
                  "JOBSET",
                  "STORAGE",
                  "HPA",
                  "CADVISOR",
                  "KUBELET",
                  "DCGM"
                ],
                "managed_prometheus": [
                  {
                    "enabled": true
                  }
                ]
              }
            ],
            "monitoring_service": "monitoring.googleapis.com/kubernetes",
            "name": "dev-gke-cluster",
            "network": "projects/gke-lab-project-475222/global/networks/default",
            "network_policy": [
              {
                "enabled": false,
                "provider": "PROVIDER_UNSPECIFIED"
              }
            ],
            "networking_mode": "VPC_NATIVE",
            "node_config": [
              {
                "advanced_machine_features": [],
                "boot_disk_kms_key": "",
                "confidential_nodes": [],
                "containerd_config": [],
                "disk_size_gb": 40,
                "disk_type": "pd-balanced",
                "effective_taints": [],
                "enable_confidential_storage": false,
                "ephemeral_storage_local_ssd_config": [],
                "fast_socket": [],
                "gcfs_config": [],
                "guest_accelerator": [],
                "gvnic": [],
                "host_maintenance_policy": [],
                "image_type": "COS_CONTAINERD",
                "kubelet_config": [
                  {
                    "cpu_cfs_quota": false,
                    "cpu_cfs_quota_period": "",
                    "cpu_manager_policy": "",
                    "insecure_kubelet_readonly_port_enabled": "FALSE",
                    "pod_pids_limit": 0
                  }
                ],
                "labels": {},
                "linux_node_config": [],
                "local_nvme_ssd_block_config": [],
                "local_ssd_count": 0,
                "logging_variant": "DEFAULT",
                "machine_type": "e2-small",
                "metadata": {
                  "disable-legacy-endpoints": "true"
                },
                "min_cpu_platform": "",
                "node_group": "",
                "oauth_scopes": [
                  "https://www.googleapis.com/auth/cloud-platform"
                ],
                "preemptible": false,
                "reservation_affinity": [],
                "resource_labels": {
                  "goog-gke-node-pool-provisioning-model": "on-demand"
                },
                "resource_manager_tags": null,
                "secondary_boot_disks": [],
                "service_account": "default",
                "shielded_instance_config": [
                  {
                    "enable_integrity_monitoring": true,
                    "enable_secure_boot": false
                  }
                ],
                "sole_tenant_config": [],
                "spot": false,
                "tags": null,
                "taint": [],
                "workload_metadata_config": []
              }
            ],
            "node_locations": [
              "us-central1-a",
              "us-central1-b",
              "us-central1-f"
            ],
            "node_pool": [
              {
                "autoscaling": [],
                "initial_node_count": 1,
                "instance_group_urls": [
                  "https://www.googleapis.com/compute/v1/projects/gke-lab-project-475222/zones/us-central1-b/instanceGroupManagers/gke-dev-gke-cluster-default-pool-9d79ca39-grp",
                  "https://www.googleapis.com/compute/v1/projects/gke-lab-project-475222/zones/us-central1-f/instanceGroupManagers/gke-dev-gke-cluster-default-pool-16c35aa5-grp",
                  "https://www.googleapis.com/compute/v1/projects/gke-lab-project-475222/zones/us-central1-a/instanceGroupManagers/gke-dev-gke-cluster-default-pool-1f92b801-grp"
                ],
                "managed_instance_group_urls": [
                  "https://www.googleapis.com/compute/v1/projects/gke-lab-project-475222/zones/us-central1-b/instanceGroups/gke-dev-gke-cluster-default-pool-9d79ca39-grp",
                  "https://www.googleapis.com/compute/v1/projects/gke-lab-project-475222/zones/us-central1-f/instanceGroups/gke-dev-gke-cluster-default-pool-16c35aa5-grp",
                  "https://www.googleapis.com/compute/v1/projects/gke-lab-project-475222/zones/us-central1-a/instanceGroups/gke-dev-gke-cluster-default-pool-1f92b801-grp"
                ],
                "management": [
                  {
                    "auto_repair": true,
                    "auto_upgrade": true
                  }
                ],
                "max_pods_per_node": 110,
                "name": "default-pool",
                "name_prefix": "",
                "network_config": [
                  {
                    "additional_node_network_configs": [],
                    "additional_pod_network_configs": [],
                    "create_pod_range": false,
                    "enable_private_nodes": false,
                    "network_performance_config": [],
                    "pod_cidr_overprovision_config": [],
                    "pod_ipv4_cidr_block": "10.100.0.0/14",
                    "pod_range": "gke-dev-gke-cluster-pods-ee6d1827"
                  }
                ],
                "node_config": [
                  {
                    "advanced_machine_features": [],
                    "boot_disk_kms_key": "",
                    "confidential_nodes": [],
                    "containerd_config": [],
                    "disk_size_gb": 40,
                    "disk_type": "pd-balanced",
                    "effective_taints": [],
                    "enable_confidential_storage": false,
                    "ephemeral_storage_local_ssd_config": [],
                    "fast_socket": [],
                    "gcfs_config": [],
                    "guest_accelerator": [],
                    "gvnic": [],
                    "host_maintenance_policy": [],
                    "image_type": "COS_CONTAINERD",
                    "kubelet_config": [
                      {
                        "cpu_cfs_quota": false,
                        "cpu_cfs_quota_period": "",
                        "cpu_manager_policy": "",
                        "insecure_kubelet_readonly_port_enabled": "FALSE",
                        "pod_pids_limit": 0
                      }
                    ],
                    "labels": {},
                    "linux_node_config": [],
                    "local_nvme_ssd_block_config": [],
                    "local_ssd_count": 0,
                    "logging_variant": "DEFAULT",
                    "machine_type": "e2-small",
                    "metadata": {
                      "disable-legacy-endpoints": "true"
                    },
                    "min_cpu_platform": "",
                    "node_group": "",
                    "oauth_scopes": [
                      "https://www.googleapis.com/auth/cloud-platform"
                    ],
                    "preemptible": false,
                    "reservation_affinity": [],
                    "resource_labels": {
                      "goog-gke-node-pool-provisioning-model": "on-demand"
                    },
                    "resource_manager_tags": {},
                    "secondary_boot_disks": [],
                    "service_account": "default",
                    "shielded_instance_config": [
                      {
                        "enable_integrity_monitoring": true,
                        "enable_secure_boot": false
                      }
                    ],
                    "sole_tenant_config": [],
                    "spot": false,
                    "tags": [],
                    "taint": [],
                    "workload_metadata_config": []
                  }
                ],
                "node_count": 1,
                "node_locations": [
                  "us-central1-a",
                  "us-central1-b",
                  "us-central1-f"
                ],
                "placement_policy": [],
                "queued_provisioning": [],
                "upgrade_settings": [
                  {
                    "blue_green_settings": [],
                    "max_surge": 1,
                    "max_unavailable": 0,
                    "strategy": "SURGE"
                  }
                ],
                "version": "1.33.5-gke.1080000"
              }
            ],
            "node_pool_auto_config": [
              {
                "network_tags": [],
                "node_kubelet_config": [
                  {
                    "insecure_kubelet_readonly_port_enabled": "FALSE"
                  }
                ],
                "resource_manager_tags": {}
              }
            ],
            "node_pool_defaults": [
              {
                "node_config_defaults": [
                  {
                    "containerd_config": [],
                    "insecure_kubelet_readonly_port_enabled": "FALSE",
                    "logging_variant": "DEFAULT"
                  }
                ]
              }
            ],
            "node_version": "1.33.5-gke.1080000",
            "notification_config": [
              {
                "pubsub": [
                  {
                    "enabled": false,
                    "filter": [],
                    "topic": ""
                  }
                ]
              }
            ],
            "operation": null,
            "private_cluster_config": [
              {
                "enable_private_endpoint": false,
                "enable_private_nodes": false,
                "master_global_access_config": [
                  {
                    "enabled": false
                  }
                ],
                "master_ipv4_cidr_block": "",
                "peering_name": "",
                "private_endpoint": "10.128.0.29",
                "private_endpoint_subnetwork": "",
                "public_endpoint": "35.225.166.251"
              }
            ],
            "private_ipv6_google_access": "",
            "project": "gke-lab-project-475222",
            "release_channel": [
              {
                "channel": "REGULAR"
              }
            ],
            "remove_default_node_pool": null,
            "resource_labels": null,
            "resource_usage_export_config": [],
            "security_posture_config": [
              {
                "mode": "BASIC",
                "vulnerability_mode": "VULNERABILITY_MODE_UNSPECIFIED"
              }
            ],
            "self_link": "https://container.googleapis.com/v1/projects/gke-lab-project-475222/locations/us-central1/clusters/dev-gke-cluster",
            "service_external_ips_config": [
              {
                "enabled": false
              }
            ],
            "services_ipv4_cidr": "34.118.224.0/20",
            "subnetwork": "projects/gke-lab-project-475222/regions/us-central1/subnetworks/default",
            "timeouts": null,
            "tpu_ipv4_cidr_block": "",
            "vertical_pod_autoscaling": [],
            "workload_identity_config": []
          },
          "sensitive_attributes": [],
          "private": "eyJlMmJmYjczMC1lY2FhLTExZTYtOGY4OC0zNDM2M2JjN2M0YzAiOnsiY3JlYXRlIjoyNDAwMDAwMDAwMDAwLCJkZWxldGUiOjI0MDAwMDAwMDAwMDAsInJlYWQiOjI0MDAwMDAwMDAwMDAsInVwZGF0ZSI6MzYwMDAwMDAwMDAwMH0sInNjaGVtYV92ZXJzaW9uIjoiMiJ9"
        }
      ]
    }
  ],
  "check_results": null
}
